// !$*UTF8*$!
{
	archiveVersion = 1;
	classes = {
	};
	objectVersion = 46;
	objects = {

/* Begin PBXBuildFile section */
		4D7A928F171EAAD500766DCF /* assemble2DImage.cpp in Sources */ = {isa = PBXBuildFile; fileRef = 4D7A927F171EAAD400766DCF /* assemble2DImage.cpp */; };
		4D7A9290171EAAD500766DCF /* backgroundCorrection.cpp in Sources */ = {isa = PBXBuildFile; fileRef = 4D7A9280171EAAD400766DCF /* backgroundCorrection.cpp */; };
		4D7A9291171EAAD500766DCF /* data2d.cpp in Sources */ = {isa = PBXBuildFile; fileRef = 4D7A9281171EAAD400766DCF /* data2d.cpp */; };
		4D7A9292171EAAD500766DCF /* detectorCorrection.cpp in Sources */ = {isa = PBXBuildFile; fileRef = 4D7A9282171EAAD400766DCF /* detectorCorrection.cpp */; };
		4D7A9293171EAAD500766DCF /* detectorObject.cpp in Sources */ = {isa = PBXBuildFile; fileRef = 4D7A9283171EAAD400766DCF /* detectorObject.cpp */; };
		4D7A9294171EAAD500766DCF /* hitfinders.cpp in Sources */ = {isa = PBXBuildFile; fileRef = 4D7A9284171EAAD400766DCF /* hitfinders.cpp */; };
		4D7A9295171EAAD500766DCF /* libcheetah.cpp in Sources */ = {isa = PBXBuildFile; fileRef = 4D7A9285171EAAD400766DCF /* libcheetah.cpp */; };
		4D7A9296171EAAD500766DCF /* median.cpp in Sources */ = {isa = PBXBuildFile; fileRef = 4D7A9286171EAAD400766DCF /* median.cpp */; };
		4D7A9297171EAAD500766DCF /* peakfinders.cpp in Sources */ = {isa = PBXBuildFile; fileRef = 4D7A9287171EAAD400766DCF /* peakfinders.cpp */; };
		4D7A9298171EAAD500766DCF /* powder.cpp in Sources */ = {isa = PBXBuildFile; fileRef = 4D7A9288171EAAD400766DCF /* powder.cpp */; };
		4D7A9299171EAAD500766DCF /* radialAverage.cpp in Sources */ = {isa = PBXBuildFile; fileRef = 4D7A9289171EAAD400766DCF /* radialAverage.cpp */; };
		4D7A929A171EAAD500766DCF /* saveCXI.cpp in Sources */ = {isa = PBXBuildFile; fileRef = 4D7A928A171EAAD400766DCF /* saveCXI.cpp */; };
		4D7A929B171EAAD500766DCF /* saveFrame.cpp in Sources */ = {isa = PBXBuildFile; fileRef = 4D7A928B171EAAD400766DCF /* saveFrame.cpp */; };
		4D7A929C171EAAD500766DCF /* setup.cpp in Sources */ = {isa = PBXBuildFile; fileRef = 4D7A928C171EAAD400766DCF /* setup.cpp */; };
		4D7A929D171EAAD500766DCF /* spectrum.cpp in Sources */ = {isa = PBXBuildFile; fileRef = 4D7A928D171EAAD500766DCF /* spectrum.cpp */; };
		4D7A929E171EAAD500766DCF /* worker.cpp in Sources */ = {isa = PBXBuildFile; fileRef = 4D7A928E171EAAD500766DCF /* worker.cpp */; };
		4D9BD45B1732F4A80055787F /* cheetah_ana_mod.cpp in Sources */ = {isa = PBXBuildFile; fileRef = 4D9BD45A1732F4A80055787F /* cheetah_ana_mod.cpp */; };
		4D9BD45D1732F4B20055787F /* cheetah-myana.cpp in Sources */ = {isa = PBXBuildFile; fileRef = 4D9BD45C1732F4B20055787F /* cheetah-myana.cpp */; };
/* End PBXBuildFile section */

/* Begin PBXCopyFilesBuildPhase section */
		4D7A9271171EAA5000766DCF /* CopyFiles */ = {
			isa = PBXCopyFilesBuildPhase;
			buildActionMask = 2147483647;
			dstPath = /usr/share/man/man1/;
			dstSubfolderSpec = 0;
			files = (
			);
			runOnlyForDeploymentPostprocessing = 1;
		};
/* End PBXCopyFilesBuildPhase section */

/* Begin PBXFileReference section */
		4D7A9273171EAA5000766DCF /* cheetah */ = {isa = PBXFileReference; explicitFileType = "compiled.mach-o.executable"; includeInIndex = 0; path = cheetah; sourceTree = BUILT_PRODUCTS_DIR; };
		4D7A927F171EAAD400766DCF /* assemble2DImage.cpp */ = {isa = PBXFileReference; fileEncoding = 4; lastKnownFileType = sourcecode.cpp.cpp; name = assemble2DImage.cpp; path = libcheetah/src/assemble2DImage.cpp; sourceTree = SOURCE_ROOT; };
		4D7A9280171EAAD400766DCF /* backgroundCorrection.cpp */ = {isa = PBXFileReference; fileEncoding = 4; lastKnownFileType = sourcecode.cpp.cpp; name = backgroundCorrection.cpp; path = libcheetah/src/backgroundCorrection.cpp; sourceTree = SOURCE_ROOT; };
		4D7A9281171EAAD400766DCF /* data2d.cpp */ = {isa = PBXFileReference; fileEncoding = 4; lastKnownFileType = sourcecode.cpp.cpp; name = data2d.cpp; path = libcheetah/src/data2d.cpp; sourceTree = SOURCE_ROOT; };
		4D7A9282171EAAD400766DCF /* detectorCorrection.cpp */ = {isa = PBXFileReference; fileEncoding = 4; lastKnownFileType = sourcecode.cpp.cpp; name = detectorCorrection.cpp; path = libcheetah/src/detectorCorrection.cpp; sourceTree = SOURCE_ROOT; };
		4D7A9283171EAAD400766DCF /* detectorObject.cpp */ = {isa = PBXFileReference; fileEncoding = 4; lastKnownFileType = sourcecode.cpp.cpp; name = detectorObject.cpp; path = libcheetah/src/detectorObject.cpp; sourceTree = SOURCE_ROOT; };
		4D7A9284171EAAD400766DCF /* hitfinders.cpp */ = {isa = PBXFileReference; fileEncoding = 4; lastKnownFileType = sourcecode.cpp.cpp; name = hitfinders.cpp; path = libcheetah/src/hitfinders.cpp; sourceTree = SOURCE_ROOT; };
		4D7A9285171EAAD400766DCF /* libcheetah.cpp */ = {isa = PBXFileReference; fileEncoding = 4; lastKnownFileType = sourcecode.cpp.cpp; name = libcheetah.cpp; path = libcheetah/src/libcheetah.cpp; sourceTree = SOURCE_ROOT; };
		4D7A9286171EAAD400766DCF /* median.cpp */ = {isa = PBXFileReference; fileEncoding = 4; lastKnownFileType = sourcecode.cpp.cpp; name = median.cpp; path = libcheetah/src/median.cpp; sourceTree = SOURCE_ROOT; };
		4D7A9287171EAAD400766DCF /* peakfinders.cpp */ = {isa = PBXFileReference; fileEncoding = 4; lastKnownFileType = sourcecode.cpp.cpp; name = peakfinders.cpp; path = libcheetah/src/peakfinders.cpp; sourceTree = SOURCE_ROOT; };
		4D7A9288171EAAD400766DCF /* powder.cpp */ = {isa = PBXFileReference; fileEncoding = 4; lastKnownFileType = sourcecode.cpp.cpp; name = powder.cpp; path = libcheetah/src/powder.cpp; sourceTree = SOURCE_ROOT; };
		4D7A9289171EAAD400766DCF /* radialAverage.cpp */ = {isa = PBXFileReference; fileEncoding = 4; lastKnownFileType = sourcecode.cpp.cpp; name = radialAverage.cpp; path = libcheetah/src/radialAverage.cpp; sourceTree = SOURCE_ROOT; };
		4D7A928A171EAAD400766DCF /* saveCXI.cpp */ = {isa = PBXFileReference; fileEncoding = 4; lastKnownFileType = sourcecode.cpp.cpp; name = saveCXI.cpp; path = libcheetah/src/saveCXI.cpp; sourceTree = SOURCE_ROOT; };
		4D7A928B171EAAD400766DCF /* saveFrame.cpp */ = {isa = PBXFileReference; fileEncoding = 4; lastKnownFileType = sourcecode.cpp.cpp; name = saveFrame.cpp; path = libcheetah/src/saveFrame.cpp; sourceTree = SOURCE_ROOT; };
		4D7A928C171EAAD400766DCF /* setup.cpp */ = {isa = PBXFileReference; fileEncoding = 4; lastKnownFileType = sourcecode.cpp.cpp; name = setup.cpp; path = libcheetah/src/setup.cpp; sourceTree = SOURCE_ROOT; };
		4D7A928D171EAAD500766DCF /* spectrum.cpp */ = {isa = PBXFileReference; fileEncoding = 4; lastKnownFileType = sourcecode.cpp.cpp; name = spectrum.cpp; path = libcheetah/src/spectrum.cpp; sourceTree = SOURCE_ROOT; };
		4D7A928E171EAAD500766DCF /* worker.cpp */ = {isa = PBXFileReference; fileEncoding = 4; lastKnownFileType = sourcecode.cpp.cpp; name = worker.cpp; path = libcheetah/src/worker.cpp; sourceTree = SOURCE_ROOT; };
		4D7A929F171EAAE000766DCF /* cheetah.h */ = {isa = PBXFileReference; fileEncoding = 4; lastKnownFileType = sourcecode.c.h; name = cheetah.h; path = libcheetah/include/cheetah.h; sourceTree = SOURCE_ROOT; };
		4D7A92A0171EAAE000766DCF /* cheetahEvent.h */ = {isa = PBXFileReference; fileEncoding = 4; lastKnownFileType = sourcecode.c.h; name = cheetahEvent.h; path = libcheetah/include/cheetahEvent.h; sourceTree = SOURCE_ROOT; };
		4D7A92A1171EAAE000766DCF /* cheetahGlobal.h */ = {isa = PBXFileReference; fileEncoding = 4; lastKnownFileType = sourcecode.c.h; name = cheetahGlobal.h; path = libcheetah/include/cheetahGlobal.h; sourceTree = SOURCE_ROOT; };
		4D7A92A2171EAAE000766DCF /* cheetahmodules.h */ = {isa = PBXFileReference; fileEncoding = 4; lastKnownFileType = sourcecode.c.h; name = cheetahmodules.h; path = libcheetah/include/cheetahmodules.h; sourceTree = SOURCE_ROOT; };
		4D7A92A3171EAAE000766DCF /* data2d.h */ = {isa = PBXFileReference; fileEncoding = 4; lastKnownFileType = sourcecode.c.h; name = data2d.h; path = libcheetah/include/data2d.h; sourceTree = SOURCE_ROOT; };
		4D7A92A4171EAAE000766DCF /* detectorObject.h */ = {isa = PBXFileReference; fileEncoding = 4; lastKnownFileType = sourcecode.c.h; name = detectorObject.h; path = libcheetah/include/detectorObject.h; sourceTree = SOURCE_ROOT; };
		4D7A92A5171EAAE000766DCF /* hitfinders.h */ = {isa = PBXFileReference; fileEncoding = 4; lastKnownFileType = sourcecode.c.h; name = hitfinders.h; path = libcheetah/include/hitfinders.h; sourceTree = SOURCE_ROOT; };
		4D7A92A6171EAAE000766DCF /* median.h */ = {isa = PBXFileReference; fileEncoding = 4; lastKnownFileType = sourcecode.c.h; name = median.h; path = libcheetah/include/median.h; sourceTree = SOURCE_ROOT; };
		4D7A92A7171EAAE000766DCF /* peakfinders.h */ = {isa = PBXFileReference; fileEncoding = 4; lastKnownFileType = sourcecode.c.h; name = peakfinders.h; path = libcheetah/include/peakfinders.h; sourceTree = SOURCE_ROOT; };
		4D7A92A8171EAAE000766DCF /* saveCXI.h */ = {isa = PBXFileReference; fileEncoding = 4; lastKnownFileType = sourcecode.c.h; name = saveCXI.h; path = libcheetah/include/saveCXI.h; sourceTree = SOURCE_ROOT; };
		4D9BD45A1732F4A80055787F /* cheetah_ana_mod.cpp */ = {isa = PBXFileReference; fileEncoding = 4; lastKnownFileType = sourcecode.cpp.cpp; name = cheetah_ana_mod.cpp; path = cheetah_ana_pkg/src/cheetah_ana_mod.cpp; sourceTree = "<group>"; };
		4D9BD45C1732F4B20055787F /* cheetah-myana.cpp */ = {isa = PBXFileReference; fileEncoding = 4; lastKnownFileType = sourcecode.cpp.cpp; name = "cheetah-myana.cpp"; path = "cheetah_myana/src/cheetah-myana.cpp"; sourceTree = "<group>"; };
/* End PBXFileReference section */

/* Begin PBXFrameworksBuildPhase section */
		4D7A9270171EAA5000766DCF /* Frameworks */ = {
			isa = PBXFrameworksBuildPhase;
			buildActionMask = 2147483647;
			files = (
			);
			runOnlyForDeploymentPostprocessing = 0;
		};
/* End PBXFrameworksBuildPhase section */

/* Begin PBXGroup section */
		4D7A926A171EAA5000766DCF = {
			isa = PBXGroup;
			children = (
				4D9BD45A1732F4A80055787F /* cheetah_ana_mod.cpp */,
				4D9BD45C1732F4B20055787F /* cheetah-myana.cpp */,
				4D7A9275171EAA5000766DCF /* cheetah */,
				4D7A9274171EAA5000766DCF /* Products */,
			);
			sourceTree = "<group>";
		};
		4D7A9274171EAA5000766DCF /* Products */ = {
			isa = PBXGroup;
			children = (
				4D7A9273171EAA5000766DCF /* cheetah */,
			);
			name = Products;
			sourceTree = "<group>";
		};
		4D7A9275171EAA5000766DCF /* cheetah */ = {
			isa = PBXGroup;
			children = (
				4D7A929F171EAAE000766DCF /* cheetah.h */,
				4D7A92A0171EAAE000766DCF /* cheetahEvent.h */,
				4D7A92A1171EAAE000766DCF /* cheetahGlobal.h */,
				4D7A92A2171EAAE000766DCF /* cheetahmodules.h */,
				4D7A92A3171EAAE000766DCF /* data2d.h */,
				4D7A92A4171EAAE000766DCF /* detectorObject.h */,
				4D7A92A5171EAAE000766DCF /* hitfinders.h */,
				4D7A92A6171EAAE000766DCF /* median.h */,
				4D7A92A7171EAAE000766DCF /* peakfinders.h */,
				4D7A92A8171EAAE000766DCF /* saveCXI.h */,
				4D7A927F171EAAD400766DCF /* assemble2DImage.cpp */,
				4D7A9280171EAAD400766DCF /* backgroundCorrection.cpp */,
				4D7A9281171EAAD400766DCF /* data2d.cpp */,
				4D7A9282171EAAD400766DCF /* detectorCorrection.cpp */,
				4D7A9283171EAAD400766DCF /* detectorObject.cpp */,
				4D7A9284171EAAD400766DCF /* hitfinders.cpp */,
				4D7A9285171EAAD400766DCF /* libcheetah.cpp */,
				4D7A9286171EAAD400766DCF /* median.cpp */,
				4D7A9287171EAAD400766DCF /* peakfinders.cpp */,
				4D7A9288171EAAD400766DCF /* powder.cpp */,
				4D7A9289171EAAD400766DCF /* radialAverage.cpp */,
				4D7A928A171EAAD400766DCF /* saveCXI.cpp */,
				4D7A928B171EAAD400766DCF /* saveFrame.cpp */,
				4D7A928C171EAAD400766DCF /* setup.cpp */,
				4D7A928D171EAAD500766DCF /* spectrum.cpp */,
				4D7A928E171EAAD500766DCF /* worker.cpp */,
			);
			path = cheetah;
			sourceTree = "<group>";
		};
/* End PBXGroup section */

/* Begin PBXNativeTarget section */
		4D7A9272171EAA5000766DCF /* cheetah */ = {
			isa = PBXNativeTarget;
			buildConfigurationList = 4D7A927C171EAA5000766DCF /* Build configuration list for PBXNativeTarget "cheetah" */;
			buildPhases = (
				4D7A926F171EAA5000766DCF /* Sources */,
				4D7A9270171EAA5000766DCF /* Frameworks */,
				4D7A9271171EAA5000766DCF /* CopyFiles */,
			);
			buildRules = (
			);
			dependencies = (
			);
			name = cheetah;
			productName = cheetah;
			productReference = 4D7A9273171EAA5000766DCF /* cheetah */;
			productType = "com.apple.product-type.tool";
		};
/* End PBXNativeTarget section */

/* Begin PBXProject section */
		4D7A926B171EAA5000766DCF /* Project object */ = {
			isa = PBXProject;
			attributes = {
				LastUpgradeCheck = 0460;
				ORGANIZATIONNAME = "Anton Barty";
			};
			buildConfigurationList = 4D7A926E171EAA5000766DCF /* Build configuration list for PBXProject "cheetah" */;
			compatibilityVersion = "Xcode 3.2";
			developmentRegion = English;
			hasScannedForEncodings = 0;
			knownRegions = (
				en,
			);
			mainGroup = 4D7A926A171EAA5000766DCF;
			productRefGroup = 4D7A9274171EAA5000766DCF /* Products */;
			projectDirPath = "";
			projectRoot = "";
			targets = (
				4D7A9272171EAA5000766DCF /* cheetah */,
			);
		};
/* End PBXProject section */

/* Begin PBXSourcesBuildPhase section */
		4D7A926F171EAA5000766DCF /* Sources */ = {
			isa = PBXSourcesBuildPhase;
			buildActionMask = 2147483647;
			files = (
				4D7A928F171EAAD500766DCF /* assemble2DImage.cpp in Sources */,
				4D7A9290171EAAD500766DCF /* backgroundCorrection.cpp in Sources */,
				4D7A9291171EAAD500766DCF /* data2d.cpp in Sources */,
				4D7A9292171EAAD500766DCF /* detectorCorrection.cpp in Sources */,
				4D7A9293171EAAD500766DCF /* detectorObject.cpp in Sources */,
				4D7A9294171EAAD500766DCF /* hitfinders.cpp in Sources */,
				4D7A9295171EAAD500766DCF /* libcheetah.cpp in Sources */,
				4D7A9296171EAAD500766DCF /* median.cpp in Sources */,
				4D7A9297171EAAD500766DCF /* peakfinders.cpp in Sources */,
				4D7A9298171EAAD500766DCF /* powder.cpp in Sources */,
				4D7A9299171EAAD500766DCF /* radialAverage.cpp in Sources */,
				4D7A929A171EAAD500766DCF /* saveCXI.cpp in Sources */,
				4D7A929B171EAAD500766DCF /* saveFrame.cpp in Sources */,
				4D7A929C171EAAD500766DCF /* setup.cpp in Sources */,
				4D7A929D171EAAD500766DCF /* spectrum.cpp in Sources */,
				4D7A929E171EAAD500766DCF /* worker.cpp in Sources */,
				4D9BD45B1732F4A80055787F /* cheetah_ana_mod.cpp in Sources */,
				4D9BD45D1732F4B20055787F /* cheetah-myana.cpp in Sources */,
			);
			runOnlyForDeploymentPostprocessing = 0;
		};
/* End PBXSourcesBuildPhase section */

/* Begin XCBuildConfiguration section */
		4D7A927A171EAA5000766DCF /* Debug */ = {
			isa = XCBuildConfiguration;
			buildSettings = {
				ALWAYS_SEARCH_USER_PATHS = YES;
				ARCHS = "$(ARCHS_STANDARD_64_BIT)";
				CLANG_CXX_LANGUAGE_STANDARD = "gnu++0x";
				CLANG_CXX_LIBRARY = "libc++";
				CLANG_ENABLE_OBJC_ARC = YES;
				CLANG_WARN_CONSTANT_CONVERSION = YES;
				CLANG_WARN_EMPTY_BODY = YES;
				CLANG_WARN_ENUM_CONVERSION = YES;
				CLANG_WARN_INT_CONVERSION = YES;
				CLANG_WARN__DUPLICATE_METHOD_MATCH = YES;
				COPY_PHASE_STRIP = NO;
				GCC_C_LANGUAGE_STANDARD = gnu99;
				GCC_DYNAMIC_NO_PIC = NO;
				GCC_ENABLE_OBJC_EXCEPTIONS = YES;
				GCC_OPTIMIZATION_LEVEL = 0;
				GCC_PREPROCESSOR_DEFINITIONS = (
					"DEBUG=1",
					"$(inherited)",
				);
				GCC_SYMBOLS_PRIVATE_EXTERN = NO;
				GCC_WARN_64_TO_32_BIT_CONVERSION = YES;
				GCC_WARN_ABOUT_RETURN_TYPE = YES;
				GCC_WARN_UNINITIALIZED_AUTOS = YES;
				GCC_WARN_UNUSED_VARIABLE = YES;
				HEADER_SEARCH_PATHS = /usr/local/include;
				LIBRARY_SEARCH_PATHS = /usr/local/lib;
				MACOSX_DEPLOYMENT_TARGET = 10.8;
				ONLY_ACTIVE_ARCH = YES;
				SDKROOT = macosx;
			};
			name = Debug;
		};
		4D7A927B171EAA5000766DCF /* Release */ = {
			isa = XCBuildConfiguration;
			buildSettings = {
				ALWAYS_SEARCH_USER_PATHS = YES;
				ARCHS = "$(ARCHS_STANDARD_64_BIT)";
				CLANG_CXX_LANGUAGE_STANDARD = "gnu++0x";
				CLANG_CXX_LIBRARY = "libc++";
				CLANG_ENABLE_OBJC_ARC = YES;
				CLANG_WARN_CONSTANT_CONVERSION = YES;
				CLANG_WARN_EMPTY_BODY = YES;
				CLANG_WARN_ENUM_CONVERSION = YES;
				CLANG_WARN_INT_CONVERSION = YES;
				CLANG_WARN__DUPLICATE_METHOD_MATCH = YES;
				COPY_PHASE_STRIP = YES;
				DEBUG_INFORMATION_FORMAT = "dwarf-with-dsym";
				GCC_C_LANGUAGE_STANDARD = gnu99;
				GCC_ENABLE_OBJC_EXCEPTIONS = YES;
				GCC_WARN_64_TO_32_BIT_CONVERSION = YES;
				GCC_WARN_ABOUT_RETURN_TYPE = YES;
				GCC_WARN_UNINITIALIZED_AUTOS = YES;
				GCC_WARN_UNUSED_VARIABLE = YES;
				HEADER_SEARCH_PATHS = /usr/local/include;
				LIBRARY_SEARCH_PATHS = /usr/local/lib;
				MACOSX_DEPLOYMENT_TARGET = 10.8;
				SDKROOT = macosx;
			};
			name = Release;
		};
		4D7A927D171EAA5000766DCF /* Debug */ = {
			isa = XCBuildConfiguration;
			buildSettings = {
				PRODUCT_NAME = "$(TARGET_NAME)";
			};
			name = Debug;
		};
		4D7A927E171EAA5000766DCF /* Release */ = {
			isa = XCBuildConfiguration;
			buildSettings = {
				PRODUCT_NAME = "$(TARGET_NAME)";
			};
			name = Release;
		};
/* End XCBuildConfiguration section */

/* Begin XCConfigurationList section */
		4D7A926E171EAA5000766DCF /* Build configuration list for PBXProject "cheetah" */ = {
			isa = XCConfigurationList;
			buildConfigurations = (
				4D7A927A171EAA5000766DCF /* Debug */,
				4D7A927B171EAA5000766DCF /* Release */,
			);
			defaultConfigurationIsVisible = 0;
			defaultConfigurationName = Release;
		};
		4D7A927C171EAA5000766DCF /* Build configuration list for PBXNativeTarget "cheetah" */ = {
			isa = XCConfigurationList;
			buildConfigurations = (
				4D7A927D171EAA5000766DCF /* Debug */,
				4D7A927E171EAA5000766DCF /* Release */,
			);
			defaultConfigurationIsVisible = 0;
			defaultConfigurationName = Release;
		};
/* End XCConfigurationList section */
	};
	rootObject = 4D7A926B171EAA5000766DCF /* Project object */;
}
