// !$*UTF8*$!
{
	archiveVersion = 1;
	classes = {
	};
	objectVersion = 46;
	objects = {

/* Begin PBXBuildFile section */
		4D3B885112FF49F500B7ABD9 /* Makefile in Sources */ = {isa = PBXBuildFile; fileRef = 4D3B885012FF49F500B7ABD9 /* Makefile */; };
		4DB5DD26153828EE00EBE8AA /* cheetah.cpp in Sources */ = {isa = PBXBuildFile; fileRef = 4DB5DD25153828EE00EBE8AA /* cheetah.cpp */; };
		4DB5DD3E15382D8E00EBE8AA /* backgroundCorrection.cpp in Sources */ = {isa = PBXBuildFile; fileRef = 4DB5DD2815382D8E00EBE8AA /* backgroundCorrection.cpp */; };
		4DB5DD3F15382D8E00EBE8AA /* data2d.cpp in Sources */ = {isa = PBXBuildFile; fileRef = 4DB5DD2D15382D8E00EBE8AA /* data2d.cpp */; };
		4DB5DD4015382D8E00EBE8AA /* detectorCorrection.cpp in Sources */ = {isa = PBXBuildFile; fileRef = 4DB5DD2F15382D8E00EBE8AA /* detectorCorrection.cpp */; };
		4DB5DD4115382D8E00EBE8AA /* detectorObject.cpp in Sources */ = {isa = PBXBuildFile; fileRef = 4DB5DD3015382D8E00EBE8AA /* detectorObject.cpp */; };
		4DB5DD4215382D8E00EBE8AA /* hitfinders.cpp in Sources */ = {isa = PBXBuildFile; fileRef = 4DB5DD3215382D8E00EBE8AA /* hitfinders.cpp */; };
		4DB5DD4315382D8E00EBE8AA /* libcheetah.cpp in Sources */ = {isa = PBXBuildFile; fileRef = 4DB5DD3415382D8E00EBE8AA /* libcheetah.cpp */; };
		4DB5DD4415382D8E00EBE8AA /* median.cpp in Sources */ = {isa = PBXBuildFile; fileRef = 4DB5DD3515382D8E00EBE8AA /* median.cpp */; };
		4DB5DD4515382D8E00EBE8AA /* powder.cpp in Sources */ = {isa = PBXBuildFile; fileRef = 4DB5DD3715382D8E00EBE8AA /* powder.cpp */; };
		4DB5DD4615382D8E00EBE8AA /* radialAverage.cpp in Sources */ = {isa = PBXBuildFile; fileRef = 4DB5DD3815382D8E00EBE8AA /* radialAverage.cpp */; };
		4DB5DD4715382D8E00EBE8AA /* saveFrame.cpp in Sources */ = {isa = PBXBuildFile; fileRef = 4DB5DD3915382D8E00EBE8AA /* saveFrame.cpp */; };
		4DB5DD4815382D8E00EBE8AA /* setup.cpp in Sources */ = {isa = PBXBuildFile; fileRef = 4DB5DD3A15382D8E00EBE8AA /* setup.cpp */; };
		4DB5DD4915382D8E00EBE8AA /* worker.cpp in Sources */ = {isa = PBXBuildFile; fileRef = 4DB5DD3C15382D8E00EBE8AA /* worker.cpp */; };
		8DD76F6A0486A84900D96B5E /* cspad_cryst.1 in CopyFiles */ = {isa = PBXBuildFile; fileRef = C6859E8B029090EE04C91782 /* cspad_cryst.1 */; };
/* End PBXBuildFile section */

/* Begin PBXCopyFilesBuildPhase section */
		8DD76F690486A84900D96B5E /* CopyFiles */ = {
			isa = PBXCopyFilesBuildPhase;
			buildActionMask = 8;
			dstPath = /usr/share/man/man1/;
			dstSubfolderSpec = 0;
			files = (
				8DD76F6A0486A84900D96B5E /* cspad_cryst.1 in CopyFiles */,
			);
			runOnlyForDeploymentPostprocessing = 1;
		};
/* End PBXCopyFilesBuildPhase section */

/* Begin PBXFileReference section */
		4D3B885012FF49F500B7ABD9 /* Makefile */ = {isa = PBXFileReference; fileEncoding = 4; lastKnownFileType = sourcecode.make; path = Makefile; sourceTree = "<group>"; };
		4D4892A41520728300B89D73 /* CxiDs1.ini */ = {isa = PBXFileReference; fileEncoding = 4; lastKnownFileType = text; path = CxiDs1.ini; sourceTree = "<group>"; };
		4D5125671305CF080094D8E9 /* cheetah.ini */ = {isa = PBXFileReference; fileEncoding = 4; lastKnownFileType = text; path = cheetah.ini; sourceTree = "<group>"; };
		4DB5DD25153828EE00EBE8AA /* cheetah.cpp */ = {isa = PBXFileReference; fileEncoding = 4; lastKnownFileType = sourcecode.cpp.cpp; path = cheetah.cpp; sourceTree = "<group>"; };
		4DB5DD2815382D8E00EBE8AA /* backgroundCorrection.cpp */ = {isa = PBXFileReference; fileEncoding = 4; lastKnownFileType = sourcecode.cpp.cpp; path = backgroundCorrection.cpp; sourceTree = "<group>"; };
		4DB5DD2915382D8E00EBE8AA /* cheetah.h */ = {isa = PBXFileReference; fileEncoding = 4; lastKnownFileType = sourcecode.c.h; path = cheetah.h; sourceTree = "<group>"; };
		4DB5DD2A15382D8E00EBE8AA /* cheetahEvent.h */ = {isa = PBXFileReference; fileEncoding = 4; lastKnownFileType = sourcecode.c.h; path = cheetahEvent.h; sourceTree = "<group>"; };
		4DB5DD2B15382D8E00EBE8AA /* cheetahGlobal.h */ = {isa = PBXFileReference; fileEncoding = 4; lastKnownFileType = sourcecode.c.h; path = cheetahGlobal.h; sourceTree = "<group>"; };
		4DB5DD2C15382D8E00EBE8AA /* cheetahmodules.h */ = {isa = PBXFileReference; fileEncoding = 4; lastKnownFileType = sourcecode.c.h; path = cheetahmodules.h; sourceTree = "<group>"; };
		4DB5DD2D15382D8E00EBE8AA /* data2d.cpp */ = {isa = PBXFileReference; fileEncoding = 4; lastKnownFileType = sourcecode.cpp.cpp; path = data2d.cpp; sourceTree = "<group>"; };
		4DB5DD2E15382D8E00EBE8AA /* data2d.h */ = {isa = PBXFileReference; fileEncoding = 4; lastKnownFileType = sourcecode.c.h; path = data2d.h; sourceTree = "<group>"; };
		4DB5DD2F15382D8E00EBE8AA /* detectorCorrection.cpp */ = {isa = PBXFileReference; fileEncoding = 4; lastKnownFileType = sourcecode.cpp.cpp; path = detectorCorrection.cpp; sourceTree = "<group>"; };
		4DB5DD3015382D8E00EBE8AA /* detectorObject.cpp */ = {isa = PBXFileReference; fileEncoding = 4; lastKnownFileType = sourcecode.cpp.cpp; path = detectorObject.cpp; sourceTree = "<group>"; };
		4DB5DD3115382D8E00EBE8AA /* detectorObject.h */ = {isa = PBXFileReference; fileEncoding = 4; lastKnownFileType = sourcecode.c.h; path = detectorObject.h; sourceTree = "<group>"; };
		4DB5DD3215382D8E00EBE8AA /* hitfinders.cpp */ = {isa = PBXFileReference; fileEncoding = 4; lastKnownFileType = sourcecode.cpp.cpp; path = hitfinders.cpp; sourceTree = "<group>"; };
		4DB5DD3315382D8E00EBE8AA /* hitfinders.h */ = {isa = PBXFileReference; fileEncoding = 4; lastKnownFileType = sourcecode.c.h; path = hitfinders.h; sourceTree = "<group>"; };
		4DB5DD3415382D8E00EBE8AA /* libcheetah.cpp */ = {isa = PBXFileReference; fileEncoding = 4; lastKnownFileType = sourcecode.cpp.cpp; path = libcheetah.cpp; sourceTree = "<group>"; };
		4DB5DD3515382D8E00EBE8AA /* median.cpp */ = {isa = PBXFileReference; fileEncoding = 4; lastKnownFileType = sourcecode.cpp.cpp; path = median.cpp; sourceTree = "<group>"; };
		4DB5DD3615382D8E00EBE8AA /* median.h */ = {isa = PBXFileReference; fileEncoding = 4; lastKnownFileType = sourcecode.c.h; path = median.h; sourceTree = "<group>"; };
		4DB5DD3715382D8E00EBE8AA /* powder.cpp */ = {isa = PBXFileReference; fileEncoding = 4; lastKnownFileType = sourcecode.cpp.cpp; path = powder.cpp; sourceTree = "<group>"; };
		4DB5DD3815382D8E00EBE8AA /* radialAverage.cpp */ = {isa = PBXFileReference; fileEncoding = 4; lastKnownFileType = sourcecode.cpp.cpp; path = radialAverage.cpp; sourceTree = "<group>"; };
		4DB5DD3915382D8E00EBE8AA /* saveFrame.cpp */ = {isa = PBXFileReference; fileEncoding = 4; lastKnownFileType = sourcecode.cpp.cpp; path = saveFrame.cpp; sourceTree = "<group>"; };
		4DB5DD3A15382D8E00EBE8AA /* setup.cpp */ = {isa = PBXFileReference; fileEncoding = 4; lastKnownFileType = sourcecode.cpp.cpp; path = setup.cpp; sourceTree = "<group>"; };
		4DB5DD3C15382D8E00EBE8AA /* worker.cpp */ = {isa = PBXFileReference; fileEncoding = 4; lastKnownFileType = sourcecode.cpp.cpp; path = worker.cpp; sourceTree = "<group>"; };
		8DD76F6C0486A84900D96B5E /* cheetah */ = {isa = PBXFileReference; explicitFileType = "compiled.mach-o.executable"; includeInIndex = 0; path = cheetah; sourceTree = BUILT_PRODUCTS_DIR; };
		C6859E8B029090EE04C91782 /* cspad_cryst.1 */ = {isa = PBXFileReference; lastKnownFileType = text.man; path = cspad_cryst.1; sourceTree = "<group>"; };
/* End PBXFileReference section */

/* Begin PBXFrameworksBuildPhase section */
		8DD76F660486A84900D96B5E /* Frameworks */ = {
			isa = PBXFrameworksBuildPhase;
			buildActionMask = 2147483647;
			files = (
			);
			runOnlyForDeploymentPostprocessing = 0;
		};
/* End PBXFrameworksBuildPhase section */

/* Begin PBXGroup section */
		08FB7794FE84155DC02AAC07 /* cspad_cryst */ = {
			isa = PBXGroup;
			children = (
				08FB7795FE84155DC02AAC07 /* Source */,
				C6859E8C029090F304C91782 /* Documentation */,
				1AB674ADFE9D54B511CA2CBB /* Products */,
			);
			name = cspad_cryst;
			sourceTree = "<group>";
		};
		08FB7795FE84155DC02AAC07 /* Source */ = {
			isa = PBXGroup;
			children = (
				4D3B885012FF49F500B7ABD9 /* Makefile */,
				4D5125671305CF080094D8E9 /* cheetah.ini */,
				4D4892A41520728300B89D73 /* CxiDs1.ini */,
				4DB5DD25153828EE00EBE8AA /* cheetah.cpp */,
				4DB5DD2715382D8E00EBE8AA /* cheetah.lib */,
			);
			name = Source;
			sourceTree = "<group>";
		};
		1AB674ADFE9D54B511CA2CBB /* Products */ = {
			isa = PBXGroup;
			children = (
				8DD76F6C0486A84900D96B5E /* cheetah */,
			);
			name = Products;
			sourceTree = "<group>";
		};
		4DB5DD2715382D8E00EBE8AA /* cheetah.lib */ = {
			isa = PBXGroup;
			children = (
				4DB5DD2915382D8E00EBE8AA /* cheetah.h */,
				4DB5DD2A15382D8E00EBE8AA /* cheetahEvent.h */,
				4DB5DD2B15382D8E00EBE8AA /* cheetahGlobal.h */,
				4DB5DD2C15382D8E00EBE8AA /* cheetahmodules.h */,
				4DB5DD2E15382D8E00EBE8AA /* data2d.h */,
				4DB5DD3115382D8E00EBE8AA /* detectorObject.h */,
				4DB5DD3315382D8E00EBE8AA /* hitfinders.h */,
				4DB5DD3615382D8E00EBE8AA /* median.h */,
				4DB5DD3415382D8E00EBE8AA /* libcheetah.cpp */,
				4DB5DD2D15382D8E00EBE8AA /* data2d.cpp */,
				4DB5DD3015382D8E00EBE8AA /* detectorObject.cpp */,
				4DB5DD2F15382D8E00EBE8AA /* detectorCorrection.cpp */,
				4DB5DD2815382D8E00EBE8AA /* backgroundCorrection.cpp */,
				4DB5DD3215382D8E00EBE8AA /* hitfinders.cpp */,
				4DB5DD3515382D8E00EBE8AA /* median.cpp */,
				4DB5DD3715382D8E00EBE8AA /* powder.cpp */,
				4DB5DD3815382D8E00EBE8AA /* radialAverage.cpp */,
				4DB5DD3915382D8E00EBE8AA /* saveFrame.cpp */,
				4DB5DD3A15382D8E00EBE8AA /* setup.cpp */,
				4DB5DD3C15382D8E00EBE8AA /* worker.cpp */,
			);
			path = cheetah.lib;
			sourceTree = "<group>";
		};
		C6859E8C029090F304C91782 /* Documentation */ = {
			isa = PBXGroup;
			children = (
				C6859E8B029090EE04C91782 /* cspad_cryst.1 */,
			);
			name = Documentation;
			sourceTree = "<group>";
		};
/* End PBXGroup section */

/* Begin PBXNativeTarget section */
		8DD76F620486A84900D96B5E /* cheetah */ = {
			isa = PBXNativeTarget;
			buildConfigurationList = 1DEB923108733DC60010E9CD /* Build configuration list for PBXNativeTarget "cheetah" */;
			buildPhases = (
				8DD76F640486A84900D96B5E /* Sources */,
				8DD76F660486A84900D96B5E /* Frameworks */,
				8DD76F690486A84900D96B5E /* CopyFiles */,
			);
			buildRules = (
			);
			dependencies = (
			);
			name = cheetah;
			productInstallPath = "$(HOME)/bin";
			productName = cspad_cryst;
			productReference = 8DD76F6C0486A84900D96B5E /* cheetah */;
			productType = "com.apple.product-type.tool";
		};
/* End PBXNativeTarget section */

/* Begin PBXProject section */
		08FB7793FE84155DC02AAC07 /* Project object */ = {
			isa = PBXProject;
			attributes = {
				LastUpgradeCheck = 0420;
			};
			buildConfigurationList = 1DEB923508733DC60010E9CD /* Build configuration list for PBXProject "cheetah" */;
			compatibilityVersion = "Xcode 3.2";
			developmentRegion = English;
			hasScannedForEncodings = 1;
			knownRegions = (
				English,
				Japanese,
				French,
				German,
			);
			mainGroup = 08FB7794FE84155DC02AAC07 /* cspad_cryst */;
			projectDirPath = "";
			projectRoot = "";
			targets = (
				8DD76F620486A84900D96B5E /* cheetah */,
			);
		};
/* End PBXProject section */

/* Begin PBXSourcesBuildPhase section */
		8DD76F640486A84900D96B5E /* Sources */ = {
			isa = PBXSourcesBuildPhase;
			buildActionMask = 2147483647;
			files = (
				4D3B885112FF49F500B7ABD9 /* Makefile in Sources */,
				4DB5DD26153828EE00EBE8AA /* cheetah.cpp in Sources */,
				4DB5DD3E15382D8E00EBE8AA /* backgroundCorrection.cpp in Sources */,
				4DB5DD3F15382D8E00EBE8AA /* data2d.cpp in Sources */,
				4DB5DD4015382D8E00EBE8AA /* detectorCorrection.cpp in Sources */,
				4DB5DD4115382D8E00EBE8AA /* detectorObject.cpp in Sources */,
				4DB5DD4215382D8E00EBE8AA /* hitfinders.cpp in Sources */,
				4DB5DD4315382D8E00EBE8AA /* libcheetah.cpp in Sources */,
				4DB5DD4415382D8E00EBE8AA /* median.cpp in Sources */,
				4DB5DD4515382D8E00EBE8AA /* powder.cpp in Sources */,
				4DB5DD4615382D8E00EBE8AA /* radialAverage.cpp in Sources */,
				4DB5DD4715382D8E00EBE8AA /* saveFrame.cpp in Sources */,
				4DB5DD4815382D8E00EBE8AA /* setup.cpp in Sources */,
				4DB5DD4915382D8E00EBE8AA /* worker.cpp in Sources */,
			);
			runOnlyForDeploymentPostprocessing = 0;
		};
/* End PBXSourcesBuildPhase section */

/* Begin XCBuildConfiguration section */
		1DEB923208733DC60010E9CD /* Debug */ = {
			isa = XCBuildConfiguration;
			buildSettings = {
				ALWAYS_SEARCH_USER_PATHS = NO;
				COPY_PHASE_STRIP = NO;
				GCC_DYNAMIC_NO_PIC = NO;
				GCC_MODEL_TUNING = G5;
				GCC_OPTIMIZATION_LEVEL = 0;
				INSTALL_PATH = /usr/local/bin;
				PRODUCT_NAME = cheetah;
			};
			name = Debug;
		};
		1DEB923308733DC60010E9CD /* Release */ = {
			isa = XCBuildConfiguration;
			buildSettings = {
				ALWAYS_SEARCH_USER_PATHS = NO;
				DEBUG_INFORMATION_FORMAT = "dwarf-with-dsym";
				GCC_MODEL_TUNING = G5;
				INSTALL_PATH = /usr/local/bin;
				PRODUCT_NAME = cheetah;
			};
			name = Release;
		};
		1DEB923608733DC60010E9CD /* Debug */ = {
			isa = XCBuildConfiguration;
			buildSettings = {
				ARCHS = "$(ARCHS_STANDARD_32_64_BIT)";
				GCC_C_LANGUAGE_STANDARD = gnu99;
				GCC_ENABLE_SSE3_EXTENSIONS = YES;
				GCC_ENABLE_SSE42_EXTENSIONS = YES;
				GCC_OPTIMIZATION_LEVEL = 0;
				GCC_WARN_ABOUT_RETURN_TYPE = YES;
				GCC_WARN_UNUSED_VARIABLE = YES;
				HEADER_SEARCH_PATHS = (
					/usr/local/include,
					"release/**",
				);
				LIBRARY_SEARCH_PATHS = /usr/local/lib;
				ONLY_ACTIVE_ARCH = YES;
				OTHER_LDFLAGS = "-lhdf5";
				SDKROOT = macosx;
			};
			name = Debug;
		};
		1DEB923708733DC60010E9CD /* Release */ = {
			isa = XCBuildConfiguration;
			buildSettings = {
				ARCHS = "$(ARCHS_STANDARD_32_64_BIT)";
				GCC_C_LANGUAGE_STANDARD = gnu99;
				GCC_ENABLE_SSE3_EXTENSIONS = YES;
				GCC_ENABLE_SSE42_EXTENSIONS = YES;
				GCC_WARN_ABOUT_RETURN_TYPE = YES;
				GCC_WARN_UNUSED_VARIABLE = YES;
				HEADER_SEARCH_PATHS = (
					/usr/local/include,
					"release/**",
				);
				LIBRARY_SEARCH_PATHS = /usr/local/lib;
				OTHER_LDFLAGS = "-lhdf5";
				SDKROOT = macosx;
			};
			name = Release;
		};
/* End XCBuildConfiguration section */

/* Begin XCConfigurationList section */
		1DEB923108733DC60010E9CD /* Build configuration list for PBXNativeTarget "cheetah" */ = {
			isa = XCConfigurationList;
			buildConfigurations = (
				1DEB923208733DC60010E9CD /* Debug */,
				1DEB923308733DC60010E9CD /* Release */,
			);
			defaultConfigurationIsVisible = 0;
			defaultConfigurationName = Release;
		};
		1DEB923508733DC60010E9CD /* Build configuration list for PBXProject "cheetah" */ = {
			isa = XCConfigurationList;
			buildConfigurations = (
				1DEB923608733DC60010E9CD /* Debug */,
				1DEB923708733DC60010E9CD /* Release */,
			);
			defaultConfigurationIsVisible = 0;
			defaultConfigurationName = Release;
		};
/* End XCConfigurationList section */
	};
	rootObject = 08FB7793FE84155DC02AAC07 /* Project object */;
}
